
Microsoft Visual Studio Solution File, Format Version 10.00
# Visual Studio 2008
Project("{FAE04EC0-301F-11D3-BF4B-00C04F79EFBC}") = "mesure", "mesure.csproj", "{9CE00D49-20A6-4946-891D-E893FA790742}"
EndProject
Global
	GlobalSection(SolutionConfigurationPlatforms) = preSolution
		Debug|Any CPU = Debug|Any CPU
		Release|Any CPU = Release|Any CPU
	EndGlobalSection
	GlobalSection(ProjectConfigurationPlatforms) = postSolution
		{9CE00D49-20A6-4946-891D-E893FA790742}.Debug|Any CPU.ActiveCfg = Debug|Any CPU
		{9CE00D49-20A6-4946-891D-E893FA790742}.Debug|Any CPU.Build.0 = Debug|Any CPU
		{9CE00D49-20A6-4946-891D-E893FA790742}.Release|Any CPU.ActiveCfg = Release|Any CPU
		{9CE00D49-20A6-4946-891D-E893FA790742}.Release|Any CPU.Build.0 = Release|Any CPU
	EndGlobalSection
	GlobalSection(SolutionProperties) = preSolution
		HideSolutionNode = FALSE
	EndGlobalSection
EndGlobal
